
Microsoft Visual Studio Solution File, Format Version 12.00
# Visual Studio Version 16
VisualStudioVersion = 16.0.30503.244
MinimumVisualStudioVersion = 10.0.40219.1
Project("{8BC9CEB8-8B4A-11D0-8D11-00A0C91BC942}") = "Week04", "Homework\Homework.vcxproj", "{970484AB-9EE0-424B-B633-ABDFE48061B9}"
EndProject
Project("{8BC9CEB8-8B4A-11D0-8D11-00A0C91BC942}") = "week05", "week05\week05.vcxproj", "{A4B0F1D0-10C4-44D3-8AB8-2A6F321B81B5}"
EndProject
Project("{8BC9CEB8-8B4A-11D0-8D11-00A0C91BC942}") = "week06", "week06\week06.vcxproj", "{F183F4E3-4ED9-4DE1-B05D-3C7B0CE8B333}"
EndProject
Project("{8BC9CEB8-8B4A-11D0-8D11-00A0C91BC942}") = "week07", "week07\week07.vcxproj", "{EE2D329F-7A69-4791-AB9E-D6D287EB468E}"
EndProject
Project("{8BC9CEB8-8B4A-11D0-8D11-00A0C91BC942}") = "week08", "week08\week08.vcxproj", "{C029AF8F-A733-480F-B48A-939F616C6917}"
EndProject
Project("{8BC9CEB8-8B4A-11D0-8D11-00A0C91BC942}") = "week09", "week09\week09.vcxproj", "{AF127358-F4D8-4F4F-9B09-1C1C4F52A3EB}"
EndProject
Project("{8BC9CEB8-8B4A-11D0-8D11-00A0C91BC942}") = "week10", "week10\week10.vcxproj", "{23AAAE3C-EBD3-4328-B125-B8BB2BE0F314}"
EndProject
Project("{8BC9CEB8-8B4A-11D0-8D11-00A0C91BC942}") = "week11", "week11\week11.vcxproj", "{C9E12B4F-1A77-422E-A2BC-4B07CAFFBD30}"
EndProject
Project("{8BC9CEB8-8B4A-11D0-8D11-00A0C91BC942}") = "week13", "week13\week13.vcxproj", "{4C671629-990F-4D0B-B7E7-A3FC1B5A01DA}"
EndProject
Project("{8BC9CEB8-8B4A-11D0-8D11-00A0C91BC942}") = "OOP_TermProject", "OOP_TermProject\OOP_TermProject.vcxproj", "{CE1A657A-FFCC-482D-82A1-579724AC08DF}"
EndProject
Global
	GlobalSection(SolutionConfigurationPlatforms) = preSolution
		Debug|x64 = Debug|x64
		Debug|x86 = Debug|x86
		Release|x64 = Release|x64
		Release|x86 = Release|x86
	EndGlobalSection
	GlobalSection(ProjectConfigurationPlatforms) = postSolution
		{970484AB-9EE0-424B-B633-ABDFE48061B9}.Debug|x64.ActiveCfg = Debug|x64
		{970484AB-9EE0-424B-B633-ABDFE48061B9}.Debug|x64.Build.0 = Debug|x64
		{970484AB-9EE0-424B-B633-ABDFE48061B9}.Debug|x86.ActiveCfg = Debug|Win32
		{970484AB-9EE0-424B-B633-ABDFE48061B9}.Debug|x86.Build.0 = Debug|Win32
		{970484AB-9EE0-424B-B633-ABDFE48061B9}.Release|x64.ActiveCfg = Release|x64
		{970484AB-9EE0-424B-B633-ABDFE48061B9}.Release|x64.Build.0 = Release|x64
		{970484AB-9EE0-424B-B633-ABDFE48061B9}.Release|x86.ActiveCfg = Release|Win32
		{970484AB-9EE0-424B-B633-ABDFE48061B9}.Release|x86.Build.0 = Release|Win32
		{A4B0F1D0-10C4-44D3-8AB8-2A6F321B81B5}.Debug|x64.ActiveCfg = Debug|x64
		{A4B0F1D0-10C4-44D3-8AB8-2A6F321B81B5}.Debug|x64.Build.0 = Debug|x64
		{A4B0F1D0-10C4-44D3-8AB8-2A6F321B81B5}.Debug|x86.ActiveCfg = Debug|Win32
		{A4B0F1D0-10C4-44D3-8AB8-2A6F321B81B5}.Debug|x86.Build.0 = Debug|Win32
		{A4B0F1D0-10C4-44D3-8AB8-2A6F321B81B5}.Release|x64.ActiveCfg = Release|x64
		{A4B0F1D0-10C4-44D3-8AB8-2A6F321B81B5}.Release|x64.Build.0 = Release|x64
		{A4B0F1D0-10C4-44D3-8AB8-2A6F321B81B5}.Release|x86.ActiveCfg = Release|Win32
		{A4B0F1D0-10C4-44D3-8AB8-2A6F321B81B5}.Release|x86.Build.0 = Release|Win32
		{F183F4E3-4ED9-4DE1-B05D-3C7B0CE8B333}.Debug|x64.ActiveCfg = Debug|x64
		{F183F4E3-4ED9-4DE1-B05D-3C7B0CE8B333}.Debug|x64.Build.0 = Debug|x64
		{F183F4E3-4ED9-4DE1-B05D-3C7B0CE8B333}.Debug|x86.ActiveCfg = Debug|Win32
		{F183F4E3-4ED9-4DE1-B05D-3C7B0CE8B333}.Debug|x86.Build.0 = Debug|Win32
		{F183F4E3-4ED9-4DE1-B05D-3C7B0CE8B333}.Release|x64.ActiveCfg = Release|x64
		{F183F4E3-4ED9-4DE1-B05D-3C7B0CE8B333}.Release|x64.Build.0 = Release|x64
		{F183F4E3-4ED9-4DE1-B05D-3C7B0CE8B333}.Release|x86.ActiveCfg = Release|Win32
		{F183F4E3-4ED9-4DE1-B05D-3C7B0CE8B333}.Release|x86.Build.0 = Release|Win32
		{EE2D329F-7A69-4791-AB9E-D6D287EB468E}.Debug|x64.ActiveCfg = Debug|x64
		{EE2D329F-7A69-4791-AB9E-D6D287EB468E}.Debug|x64.Build.0 = Debug|x64
		{EE2D329F-7A69-4791-AB9E-D6D287EB468E}.Debug|x86.ActiveCfg = Debug|Win32
		{EE2D329F-7A69-4791-AB9E-D6D287EB468E}.Debug|x86.Build.0 = Debug|Win32
		{EE2D329F-7A69-4791-AB9E-D6D287EB468E}.Release|x64.ActiveCfg = Release|x64
		{EE2D329F-7A69-4791-AB9E-D6D287EB468E}.Release|x64.Build.0 = Release|x64
		{EE2D329F-7A69-4791-AB9E-D6D287EB468E}.Release|x86.ActiveCfg = Release|Win32
		{EE2D329F-7A69-4791-AB9E-D6D287EB468E}.Release|x86.Build.0 = Release|Win32
		{C029AF8F-A733-480F-B48A-939F616C6917}.Debug|x64.ActiveCfg = Debug|x64
		{C029AF8F-A733-480F-B48A-939F616C6917}.Debug|x64.Build.0 = Debug|x64
		{C029AF8F-A733-480F-B48A-939F616C6917}.Debug|x86.ActiveCfg = Debug|Win32
		{C029AF8F-A733-480F-B48A-939F616C6917}.Debug|x86.Build.0 = Debug|Win32
		{C029AF8F-A733-480F-B48A-939F616C6917}.Release|x64.ActiveCfg = Release|x64
		{C029AF8F-A733-480F-B48A-939F616C6917}.Release|x64.Build.0 = Release|x64
		{C029AF8F-A733-480F-B48A-939F616C6917}.Release|x86.ActiveCfg = Release|Win32
		{C029AF8F-A733-480F-B48A-939F616C6917}.Release|x86.Build.0 = Release|Win32
		{AF127358-F4D8-4F4F-9B09-1C1C4F52A3EB}.Debug|x64.ActiveCfg = Debug|x64
		{AF127358-F4D8-4F4F-9B09-1C1C4F52A3EB}.Debug|x64.Build.0 = Debug|x64
		{AF127358-F4D8-4F4F-9B09-1C1C4F52A3EB}.Debug|x86.ActiveCfg = Debug|Win32
		{AF127358-F4D8-4F4F-9B09-1C1C4F52A3EB}.Debug|x86.Build.0 = Debug|Win32
		{AF127358-F4D8-4F4F-9B09-1C1C4F52A3EB}.Release|x64.ActiveCfg = Release|x64
		{AF127358-F4D8-4F4F-9B09-1C1C4F52A3EB}.Release|x64.Build.0 = Release|x64
		{AF127358-F4D8-4F4F-9B09-1C1C4F52A3EB}.Release|x86.ActiveCfg = Release|Win32
		{AF127358-F4D8-4F4F-9B09-1C1C4F52A3EB}.Release|x86.Build.0 = Release|Win32
		{23AAAE3C-EBD3-4328-B125-B8BB2BE0F314}.Debug|x64.ActiveCfg = Debug|x64
		{23AAAE3C-EBD3-4328-B125-B8BB2BE0F314}.Debug|x64.Build.0 = Debug|x64
		{23AAAE3C-EBD3-4328-B125-B8BB2BE0F314}.Debug|x86.ActiveCfg = Debug|Win32
		{23AAAE3C-EBD3-4328-B125-B8BB2BE0F314}.Debug|x86.Build.0 = Debug|Win32
		{23AAAE3C-EBD3-4328-B125-B8BB2BE0F314}.Release|x64.ActiveCfg = Release|x64
		{23AAAE3C-EBD3-4328-B125-B8BB2BE0F314}.Release|x64.Build.0 = Release|x64
		{23AAAE3C-EBD3-4328-B125-B8BB2BE0F314}.Release|x86.ActiveCfg = Release|Win32
		{23AAAE3C-EBD3-4328-B125-B8BB2BE0F314}.Release|x86.Build.0 = Release|Win32
		{C9E12B4F-1A77-422E-A2BC-4B07CAFFBD30}.Debug|x64.ActiveCfg = Debug|x64
		{C9E12B4F-1A77-422E-A2BC-4B07CAFFBD30}.Debug|x64.Build.0 = Debug|x64
		{C9E12B4F-1A77-422E-A2BC-4B07CAFFBD30}.Debug|x86.ActiveCfg = Debug|Win32
		{C9E12B4F-1A77-422E-A2BC-4B07CAFFBD30}.Debug|x86.Build.0 = Debug|Win32
		{C9E12B4F-1A77-422E-A2BC-4B07CAFFBD30}.Release|x64.ActiveCfg = Release|x64
		{C9E12B4F-1A77-422E-A2BC-4B07CAFFBD30}.Release|x64.Build.0 = Release|x64
		{C9E12B4F-1A77-422E-A2BC-4B07CAFFBD30}.Release|x86.ActiveCfg = Release|Win32
		{C9E12B4F-1A77-422E-A2BC-4B07CAFFBD30}.Release|x86.Build.0 = Release|Win32
		{4C671629-990F-4D0B-B7E7-A3FC1B5A01DA}.Debug|x64.ActiveCfg = Debug|x64
		{4C671629-990F-4D0B-B7E7-A3FC1B5A01DA}.Debug|x64.Build.0 = Debug|x64
		{4C671629-990F-4D0B-B7E7-A3FC1B5A01DA}.Debug|x86.ActiveCfg = Debug|Win32
		{4C671629-990F-4D0B-B7E7-A3FC1B5A01DA}.Debug|x86.Build.0 = Debug|Win32
		{4C671629-990F-4D0B-B7E7-A3FC1B5A01DA}.Release|x64.ActiveCfg = Release|x64
		{4C671629-990F-4D0B-B7E7-A3FC1B5A01DA}.Release|x64.Build.0 = Release|x64
		{4C671629-990F-4D0B-B7E7-A3FC1B5A01DA}.Release|x86.ActiveCfg = Release|Win32
		{4C671629-990F-4D0B-B7E7-A3FC1B5A01DA}.Release|x86.Build.0 = Release|Win32
		{CE1A657A-FFCC-482D-82A1-579724AC08DF}.Debug|x64.ActiveCfg = Debug|x64
		{CE1A657A-FFCC-482D-82A1-579724AC08DF}.Debug|x64.Build.0 = Debug|x64
		{CE1A657A-FFCC-482D-82A1-579724AC08DF}.Debug|x86.ActiveCfg = Debug|Win32
		{CE1A657A-FFCC-482D-82A1-579724AC08DF}.Debug|x86.Build.0 = Debug|Win32
		{CE1A657A-FFCC-482D-82A1-579724AC08DF}.Release|x64.ActiveCfg = Release|x64
		{CE1A657A-FFCC-482D-82A1-579724AC08DF}.Release|x64.Build.0 = Release|x64
		{CE1A657A-FFCC-482D-82A1-579724AC08DF}.Release|x86.ActiveCfg = Release|Win32
		{CE1A657A-FFCC-482D-82A1-579724AC08DF}.Release|x86.Build.0 = Release|Win32
	EndGlobalSection
	GlobalSection(SolutionProperties) = preSolution
		HideSolutionNode = FALSE
	EndGlobalSection
	GlobalSection(ExtensibilityGlobals) = postSolution
		SolutionGuid = {977252AC-63C9-419D-B7B7-3060DF5E8CC6}
	EndGlobalSection
EndGlobal
